
Microsoft Visual Studio Solution File, Format Version 12.00
# Visual Studio 15
VisualStudioVersion = 15.0.27703.2000
MinimumVisualStudioVersion = 10.0.40219.1
Project("{2150E333-8FDC-42A3-9474-1A3956D46DE8}") = "src", "src", "{E0514E1A-A41F-4FE6-9465-04DF829B05AB}"
EndProject
Project("{E53339B2-1760-4266-BCC7-CA923CBCF16C}") = "docker-compose", "docker-compose.dcproj", "{907B15C3-84F5-459A-9F3A-72F21E9E242E}"
EndProject
Project("{2150E333-8FDC-42A3-9474-1A3956D46DE8}") = "00-Presentation", "00-Presentation", "{5B9F1449-CDA5-46DA-B7FD-96C7AF268EFC}"
EndProject
Project("{2150E333-8FDC-42A3-9474-1A3956D46DE8}") = "10-Service", "10-Service", "{BA334669-D156-4FC2-919C-76F7F2AB051F}"
EndProject
Project("{2150E333-8FDC-42A3-9474-1A3956D46DE8}") = "20-Domain", "20-Domain", "{86FA372A-44EF-46B8-8EF5-4A10D9F96024}"
EndProject
Project("{2150E333-8FDC-42A3-9474-1A3956D46DE8}") = "30-Infra", "30-Infra", "{C8CC0101-BEFA-4FB0-9C79-E242B3EBA3D8}"
EndProject
Project("{2150E333-8FDC-42A3-9474-1A3956D46DE8}") = "40-Test", "40-Test", "{2C964F41-EC47-4011-82BB-82DDB9E890CA}"
EndProject
Project("{9A19103F-16F7-4668-BE54-9A1E7A4F7556}") = "Token.Presentation", "Token.Presentation\Token.Presentation.csproj", "{942ABF6D-8BDD-4405-A201-36D73C3DC03B}"
	ProjectSection(ProjectDependencies) = postProject
		{B6BC7FA7-99B5-4EE8-A536-1456E44F4842} = {B6BC7FA7-99B5-4EE8-A536-1456E44F4842}
		{8C640AC2-D143-432D-82E6-BB67A26E9656} = {8C640AC2-D143-432D-82E6-BB67A26E9656}
	EndProjectSection
EndProject
Project("{9A19103F-16F7-4668-BE54-9A1E7A4F7556}") = "Token.Service", "Token.Service\Token.Service.csproj", "{B6BC7FA7-99B5-4EE8-A536-1456E44F4842}"
	ProjectSection(ProjectDependencies) = postProject
		{F25E6B0C-A78B-4AEB-90B7-D4BADC483788} = {F25E6B0C-A78B-4AEB-90B7-D4BADC483788}
		{BE48FA4F-4114-44C4-BAD6-4060C2D298A4} = {BE48FA4F-4114-44C4-BAD6-4060C2D298A4}
		{8C640AC2-D143-432D-82E6-BB67A26E9656} = {8C640AC2-D143-432D-82E6-BB67A26E9656}
	EndProjectSection
EndProject
Project("{9A19103F-16F7-4668-BE54-9A1E7A4F7556}") = "Token.Domain", "Token.Domain\Token.Domain.csproj", "{F25E6B0C-A78B-4AEB-90B7-D4BADC483788}"
EndProject
Project("{2150E333-8FDC-42A3-9474-1A3956D46DE8}") = "31-Data", "31-Data", "{888165DF-A200-4DCE-8D40-7B178C729FFB}"
EndProject
Project("{9A19103F-16F7-4668-BE54-9A1E7A4F7556}") = "Token.Infra.Data", "Token.Infra.Data\Token.Infra.Data.csproj", "{BE48FA4F-4114-44C4-BAD6-4060C2D298A4}"
	ProjectSection(ProjectDependencies) = postProject
		{F25E6B0C-A78B-4AEB-90B7-D4BADC483788} = {F25E6B0C-A78B-4AEB-90B7-D4BADC483788}
		{8C640AC2-D143-432D-82E6-BB67A26E9656} = {8C640AC2-D143-432D-82E6-BB67A26E9656}
	EndProjectSection
EndProject
Project("{2150E333-8FDC-42A3-9474-1A3956D46DE8}") = "32-CrossCutting", "32-CrossCutting", "{DD9F3506-8066-4410-861E-C806FA0486B9}"
EndProject
Project("{9A19103F-16F7-4668-BE54-9A1E7A4F7556}") = "Token.Infra.CrossCutting", "Token.Infra.CrossCutting\Token.Infra.CrossCutting.csproj", "{8C640AC2-D143-432D-82E6-BB67A26E9656}"
EndProject
Project("{2150E333-8FDC-42A3-9474-1A3956D46DE8}") = "42-Unit", "42-Unit", "{60056E4E-3503-4778-9126-DF3F29246308}"
EndProject
Project("{2150E333-8FDC-42A3-9474-1A3956D46DE8}") = "41-Integration", "41-Integration", "{C3E73CF7-764B-47A3-B374-A9AB5A6C3584}"
EndProject
Project("{9A19103F-16F7-4668-BE54-9A1E7A4F7556}") = "Token.Test.Integration", "Token.Test.Integration\Token.Test.Integration.csproj", "{9BDF5D18-88A2-44BB-862F-D80E1FE54076}"
EndProject
Project("{FAE04EC0-301F-11D3-BF4B-00C04F79EFBC}") = "Token.Unit.Test", "XUnitTestProject1\Token.Unit.Test.csproj", "{4F5E5BFB-8143-4ECB-9EC0-0410DC7FBBE5}"
EndProject
Global
	GlobalSection(SolutionConfigurationPlatforms) = preSolution
		Debug|Any CPU = Debug|Any CPU
		Release|Any CPU = Release|Any CPU
	EndGlobalSection
	GlobalSection(ProjectConfigurationPlatforms) = postSolution
		{907B15C3-84F5-459A-9F3A-72F21E9E242E}.Debug|Any CPU.ActiveCfg = Debug|Any CPU
		{907B15C3-84F5-459A-9F3A-72F21E9E242E}.Debug|Any CPU.Build.0 = Debug|Any CPU
		{907B15C3-84F5-459A-9F3A-72F21E9E242E}.Release|Any CPU.ActiveCfg = Release|Any CPU
		{907B15C3-84F5-459A-9F3A-72F21E9E242E}.Release|Any CPU.Build.0 = Release|Any CPU
		{942ABF6D-8BDD-4405-A201-36D73C3DC03B}.Debug|Any CPU.ActiveCfg = Debug|Any CPU
		{942ABF6D-8BDD-4405-A201-36D73C3DC03B}.Debug|Any CPU.Build.0 = Debug|Any CPU
		{942ABF6D-8BDD-4405-A201-36D73C3DC03B}.Release|Any CPU.ActiveCfg = Release|Any CPU
		{942ABF6D-8BDD-4405-A201-36D73C3DC03B}.Release|Any CPU.Build.0 = Release|Any CPU
		{B6BC7FA7-99B5-4EE8-A536-1456E44F4842}.Debug|Any CPU.ActiveCfg = Debug|Any CPU
		{B6BC7FA7-99B5-4EE8-A536-1456E44F4842}.Debug|Any CPU.Build.0 = Debug|Any CPU
		{B6BC7FA7-99B5-4EE8-A536-1456E44F4842}.Release|Any CPU.ActiveCfg = Release|Any CPU
		{B6BC7FA7-99B5-4EE8-A536-1456E44F4842}.Release|Any CPU.Build.0 = Release|Any CPU
		{F25E6B0C-A78B-4AEB-90B7-D4BADC483788}.Debug|Any CPU.ActiveCfg = Debug|Any CPU
		{F25E6B0C-A78B-4AEB-90B7-D4BADC483788}.Debug|Any CPU.Build.0 = Debug|Any CPU
		{F25E6B0C-A78B-4AEB-90B7-D4BADC483788}.Release|Any CPU.ActiveCfg = Release|Any CPU
		{F25E6B0C-A78B-4AEB-90B7-D4BADC483788}.Release|Any CPU.Build.0 = Release|Any CPU
		{BE48FA4F-4114-44C4-BAD6-4060C2D298A4}.Debug|Any CPU.ActiveCfg = Debug|Any CPU
		{BE48FA4F-4114-44C4-BAD6-4060C2D298A4}.Debug|Any CPU.Build.0 = Debug|Any CPU
		{BE48FA4F-4114-44C4-BAD6-4060C2D298A4}.Release|Any CPU.ActiveCfg = Release|Any CPU
		{BE48FA4F-4114-44C4-BAD6-4060C2D298A4}.Release|Any CPU.Build.0 = Release|Any CPU
		{8C640AC2-D143-432D-82E6-BB67A26E9656}.Debug|Any CPU.ActiveCfg = Debug|Any CPU
		{8C640AC2-D143-432D-82E6-BB67A26E9656}.Debug|Any CPU.Build.0 = Debug|Any CPU
		{8C640AC2-D143-432D-82E6-BB67A26E9656}.Release|Any CPU.ActiveCfg = Release|Any CPU
		{8C640AC2-D143-432D-82E6-BB67A26E9656}.Release|Any CPU.Build.0 = Release|Any CPU
		{9BDF5D18-88A2-44BB-862F-D80E1FE54076}.Debug|Any CPU.ActiveCfg = Debug|Any CPU
		{9BDF5D18-88A2-44BB-862F-D80E1FE54076}.Debug|Any CPU.Build.0 = Debug|Any CPU
		{9BDF5D18-88A2-44BB-862F-D80E1FE54076}.Release|Any CPU.ActiveCfg = Release|Any CPU
		{9BDF5D18-88A2-44BB-862F-D80E1FE54076}.Release|Any CPU.Build.0 = Release|Any CPU
		{4F5E5BFB-8143-4ECB-9EC0-0410DC7FBBE5}.Debug|Any CPU.ActiveCfg = Debug|Any CPU
		{4F5E5BFB-8143-4ECB-9EC0-0410DC7FBBE5}.Debug|Any CPU.Build.0 = Debug|Any CPU
		{4F5E5BFB-8143-4ECB-9EC0-0410DC7FBBE5}.Release|Any CPU.ActiveCfg = Release|Any CPU
		{4F5E5BFB-8143-4ECB-9EC0-0410DC7FBBE5}.Release|Any CPU.Build.0 = Release|Any CPU
	EndGlobalSection
	GlobalSection(SolutionProperties) = preSolution
		HideSolutionNode = FALSE
	EndGlobalSection
	GlobalSection(NestedProjects) = preSolution
		{5B9F1449-CDA5-46DA-B7FD-96C7AF268EFC} = {E0514E1A-A41F-4FE6-9465-04DF829B05AB}
		{BA334669-D156-4FC2-919C-76F7F2AB051F} = {E0514E1A-A41F-4FE6-9465-04DF829B05AB}
		{86FA372A-44EF-46B8-8EF5-4A10D9F96024} = {E0514E1A-A41F-4FE6-9465-04DF829B05AB}
		{C8CC0101-BEFA-4FB0-9C79-E242B3EBA3D8} = {E0514E1A-A41F-4FE6-9465-04DF829B05AB}
		{2C964F41-EC47-4011-82BB-82DDB9E890CA} = {E0514E1A-A41F-4FE6-9465-04DF829B05AB}
		{942ABF6D-8BDD-4405-A201-36D73C3DC03B} = {5B9F1449-CDA5-46DA-B7FD-96C7AF268EFC}
		{B6BC7FA7-99B5-4EE8-A536-1456E44F4842} = {BA334669-D156-4FC2-919C-76F7F2AB051F}
		{F25E6B0C-A78B-4AEB-90B7-D4BADC483788} = {86FA372A-44EF-46B8-8EF5-4A10D9F96024}
		{888165DF-A200-4DCE-8D40-7B178C729FFB} = {C8CC0101-BEFA-4FB0-9C79-E242B3EBA3D8}
		{BE48FA4F-4114-44C4-BAD6-4060C2D298A4} = {888165DF-A200-4DCE-8D40-7B178C729FFB}
		{DD9F3506-8066-4410-861E-C806FA0486B9} = {C8CC0101-BEFA-4FB0-9C79-E242B3EBA3D8}
		{8C640AC2-D143-432D-82E6-BB67A26E9656} = {DD9F3506-8066-4410-861E-C806FA0486B9}
		{60056E4E-3503-4778-9126-DF3F29246308} = {2C964F41-EC47-4011-82BB-82DDB9E890CA}
		{C3E73CF7-764B-47A3-B374-A9AB5A6C3584} = {2C964F41-EC47-4011-82BB-82DDB9E890CA}
		{9BDF5D18-88A2-44BB-862F-D80E1FE54076} = {C3E73CF7-764B-47A3-B374-A9AB5A6C3584}
		{4F5E5BFB-8143-4ECB-9EC0-0410DC7FBBE5} = {60056E4E-3503-4778-9126-DF3F29246308}
	EndGlobalSection
	GlobalSection(ExtensibilityGlobals) = postSolution
		SolutionGuid = {B18665A8-9AA4-4357-BE2B-8AB280F48D72}
	EndGlobalSection
EndGlobal
